
Microsoft Visual Studio Solution File, Format Version 12.00
# Visual Studio Version 17
VisualStudioVersion = 17.5.002.0
MinimumVisualStudioVersion = 10.0.40219.1
Project("{9A19103F-16F7-4668-BE54-9A1E7A4F7556}") = "Hello", "Hello\Hello.csproj", "{5C3E882D-A419-4D8B-92E9-1F557ACD6B56}"
EndProject
Project("{FAE04EC0-301F-11D3-BF4B-00C04F79EFBC}") = "Namespaces", "Namespaces\Namespaces.csproj", "{0FB2D637-EC83-4167-875A-EC68D15CDC73}"
EndProject
Project("{FAE04EC0-301F-11D3-BF4B-00C04F79EFBC}") = "StaticKeyWords", "StaticKeyWords\StaticKeyWords.csproj", "{1176A82F-7875-4FB4-89F3-F54A8D286ED3}"
EndProject
Project("{FAE04EC0-301F-11D3-BF4B-00C04F79EFBC}") = "ClassObjects", "ClassObjects\ClassObjects.csproj", "{05C117D4-5BB4-445F-8FD9-09191F0FB9A0}"
EndProject
Project("{FAE04EC0-301F-11D3-BF4B-00C04F79EFBC}") = "C-sharpVariables", "C-sharpVariables\C-sharpVariables.csproj", "{6AE6A688-13AF-4575-A785-2E95637193A9}"
EndProject
Project("{FAE04EC0-301F-11D3-BF4B-00C04F79EFBC}") = "Operators", "Operators\Operators.csproj", "{16CDECB9-8AF3-4A69-93E0-AF92D8E54393}"
EndProject
Project("{FAE04EC0-301F-11D3-BF4B-00C04F79EFBC}") = "ControlFlow", "ControlFlow\ControlFlow.csproj", "{66F1D71C-4CF4-44FA-8910-99EB0820E471}"
EndProject
Project("{2150E333-8FDC-42A3-9474-1A3956D46DE8}") = "Collections", "Collections", "{24A76630-389E-4CDE-A3BA-0AA8691EC9DC}"
EndProject
Project("{FAE04EC0-301F-11D3-BF4B-00C04F79EFBC}") = "ColectionsIntro", "Collections\ColectionsIntro\ColectionsIntro.csproj", "{E4AAF7E2-91D3-4844-B965-F096A82EA2A2}"
EndProject
Project("{FAE04EC0-301F-11D3-BF4B-00C04F79EFBC}") = "Dictionary", "Collections\Dictionary\Dictionary.csproj", "{D6E70C84-82D1-4001-8681-192886AC0C09}"
EndProject
Project("{FAE04EC0-301F-11D3-BF4B-00C04F79EFBC}") = "Arrays", "Collections\Arrays\Arrays.csproj", "{14946044-64B7-46DC-A0DC-D1D713BEF631}"
EndProject
Project("{2150E333-8FDC-42A3-9474-1A3956D46DE8}") = "Generics Code", "Generics Code", "{17A0C7CD-4353-4C18-8109-20A15C226B10}"
EndProject
Project("{FAE04EC0-301F-11D3-BF4B-00C04F79EFBC}") = "GenericBox", "Generics Code\GenericBox\GenericBox.csproj", "{3F216C16-4738-4E78-9126-E9A3F380330E}"
EndProject
Project("{FAE04EC0-301F-11D3-BF4B-00C04F79EFBC}") = "DataRepository", "Generics Code\DataRepository\DataRepository.csproj", "{A1069984-80F2-49F1-A507-07BD52BDA789}"
EndProject
Project("{2150E333-8FDC-42A3-9474-1A3956D46DE8}") = "Interface Code", "Interface Code", "{6C487017-DA89-4672-A67F-69ABCAA605A7}"
EndProject
Project("{FAE04EC0-301F-11D3-BF4B-00C04F79EFBC}") = "E-Commerce", "Interface Code\E-Commerce\E-Commerce.csproj", "{5B2FE0BF-EF22-4F69-BDD7-528755556F55}"
EndProject
Project("{2150E333-8FDC-42A3-9474-1A3956D46DE8}") = "OOP", "OOP", "{B9CB4D7C-B7F6-4908-B18E-0753E187F031}"
EndProject
Project("{FAE04EC0-301F-11D3-BF4B-00C04F79EFBC}") = "Abstraction", "OOP\Abstraction\Abstraction.csproj", "{0B330221-5A7A-451C-8502-21FC511361C6}"
EndProject
Project("{FAE04EC0-301F-11D3-BF4B-00C04F79EFBC}") = "Polymorphism", "OOP\Polymorphism\Polymorphism.csproj", "{1AE32A54-0F78-4323-A29A-D3526307A718}"
EndProject
Project("{FAE04EC0-301F-11D3-BF4B-00C04F79EFBC}") = "Inheritance", "OOP\Inheritance\Inheritance.csproj", "{1C28B30C-3452-41BF-8F0D-A0AAFB240067}"
EndProject
Project("{FAE04EC0-301F-11D3-BF4B-00C04F79EFBC}") = "Encapsulation", "OOP\Encapsulation\Encapsulation.csproj", "{56BA1343-CB3B-48E6-A0E6-5B86B2FBAEC9}"
EndProject
Project("{2150E333-8FDC-42A3-9474-1A3956D46DE8}") = "LINQ", "LINQ", "{F8232116-1D2C-47DF-A703-2339E94CC995}"
EndProject
Project("{FAE04EC0-301F-11D3-BF4B-00C04F79EFBC}") = "FilterLINQ", "LINQ\FilterLINQ\FilterLINQ.csproj", "{826277D6-579F-4F2D-B9F0-414CBE7CB293}"
EndProject
Project("{FAE04EC0-301F-11D3-BF4B-00C04F79EFBC}") = "ProjectSelect", "LINQ\ProjectSelect\ProjectSelect.csproj", "{D75D4D41-D383-4AB4-AAC6-062E95119E7D}"
EndProject
Project("{FAE04EC0-301F-11D3-BF4B-00C04F79EFBC}") = "SortOderBy", "LINQ\SortOderBy\SortOderBy.csproj", "{DABA896A-2635-4B3C-9CF4-FA0850CA7D34}"
EndProject
Global
	GlobalSection(SolutionConfigurationPlatforms) = preSolution
		Debug|Any CPU = Debug|Any CPU
		Release|Any CPU = Release|Any CPU
	EndGlobalSection
	GlobalSection(ProjectConfigurationPlatforms) = postSolution
		{5C3E882D-A419-4D8B-92E9-1F557ACD6B56}.Debug|Any CPU.ActiveCfg = Debug|Any CPU
		{5C3E882D-A419-4D8B-92E9-1F557ACD6B56}.Debug|Any CPU.Build.0 = Debug|Any CPU
		{5C3E882D-A419-4D8B-92E9-1F557ACD6B56}.Release|Any CPU.ActiveCfg = Release|Any CPU
		{5C3E882D-A419-4D8B-92E9-1F557ACD6B56}.Release|Any CPU.Build.0 = Release|Any CPU
		{0FB2D637-EC83-4167-875A-EC68D15CDC73}.Debug|Any CPU.ActiveCfg = Debug|Any CPU
		{0FB2D637-EC83-4167-875A-EC68D15CDC73}.Debug|Any CPU.Build.0 = Debug|Any CPU
		{0FB2D637-EC83-4167-875A-EC68D15CDC73}.Release|Any CPU.ActiveCfg = Release|Any CPU
		{0FB2D637-EC83-4167-875A-EC68D15CDC73}.Release|Any CPU.Build.0 = Release|Any CPU
		{1176A82F-7875-4FB4-89F3-F54A8D286ED3}.Debug|Any CPU.ActiveCfg = Debug|Any CPU
		{1176A82F-7875-4FB4-89F3-F54A8D286ED3}.Debug|Any CPU.Build.0 = Debug|Any CPU
		{1176A82F-7875-4FB4-89F3-F54A8D286ED3}.Release|Any CPU.ActiveCfg = Release|Any CPU
		{1176A82F-7875-4FB4-89F3-F54A8D286ED3}.Release|Any CPU.Build.0 = Release|Any CPU
		{05C117D4-5BB4-445F-8FD9-09191F0FB9A0}.Debug|Any CPU.ActiveCfg = Debug|Any CPU
		{05C117D4-5BB4-445F-8FD9-09191F0FB9A0}.Debug|Any CPU.Build.0 = Debug|Any CPU
		{05C117D4-5BB4-445F-8FD9-09191F0FB9A0}.Release|Any CPU.ActiveCfg = Release|Any CPU
		{05C117D4-5BB4-445F-8FD9-09191F0FB9A0}.Release|Any CPU.Build.0 = Release|Any CPU
		{6AE6A688-13AF-4575-A785-2E95637193A9}.Debug|Any CPU.ActiveCfg = Debug|Any CPU
		{6AE6A688-13AF-4575-A785-2E95637193A9}.Debug|Any CPU.Build.0 = Debug|Any CPU
		{6AE6A688-13AF-4575-A785-2E95637193A9}.Release|Any CPU.ActiveCfg = Release|Any CPU
		{6AE6A688-13AF-4575-A785-2E95637193A9}.Release|Any CPU.Build.0 = Release|Any CPU
		{16CDECB9-8AF3-4A69-93E0-AF92D8E54393}.Debug|Any CPU.ActiveCfg = Debug|Any CPU
		{16CDECB9-8AF3-4A69-93E0-AF92D8E54393}.Debug|Any CPU.Build.0 = Debug|Any CPU
		{16CDECB9-8AF3-4A69-93E0-AF92D8E54393}.Release|Any CPU.ActiveCfg = Release|Any CPU
		{16CDECB9-8AF3-4A69-93E0-AF92D8E54393}.Release|Any CPU.Build.0 = Release|Any CPU
		{66F1D71C-4CF4-44FA-8910-99EB0820E471}.Debug|Any CPU.ActiveCfg = Debug|Any CPU
		{66F1D71C-4CF4-44FA-8910-99EB0820E471}.Debug|Any CPU.Build.0 = Debug|Any CPU
		{66F1D71C-4CF4-44FA-8910-99EB0820E471}.Release|Any CPU.ActiveCfg = Release|Any CPU
		{66F1D71C-4CF4-44FA-8910-99EB0820E471}.Release|Any CPU.Build.0 = Release|Any CPU
		{E4AAF7E2-91D3-4844-B965-F096A82EA2A2}.Debug|Any CPU.ActiveCfg = Debug|Any CPU
		{E4AAF7E2-91D3-4844-B965-F096A82EA2A2}.Debug|Any CPU.Build.0 = Debug|Any CPU
		{E4AAF7E2-91D3-4844-B965-F096A82EA2A2}.Release|Any CPU.ActiveCfg = Release|Any CPU
		{E4AAF7E2-91D3-4844-B965-F096A82EA2A2}.Release|Any CPU.Build.0 = Release|Any CPU
		{D6E70C84-82D1-4001-8681-192886AC0C09}.Debug|Any CPU.ActiveCfg = Debug|Any CPU
		{D6E70C84-82D1-4001-8681-192886AC0C09}.Debug|Any CPU.Build.0 = Debug|Any CPU
		{D6E70C84-82D1-4001-8681-192886AC0C09}.Release|Any CPU.ActiveCfg = Release|Any CPU
		{D6E70C84-82D1-4001-8681-192886AC0C09}.Release|Any CPU.Build.0 = Release|Any CPU
		{14946044-64B7-46DC-A0DC-D1D713BEF631}.Debug|Any CPU.ActiveCfg = Debug|Any CPU
		{14946044-64B7-46DC-A0DC-D1D713BEF631}.Debug|Any CPU.Build.0 = Debug|Any CPU
		{14946044-64B7-46DC-A0DC-D1D713BEF631}.Release|Any CPU.ActiveCfg = Release|Any CPU
		{14946044-64B7-46DC-A0DC-D1D713BEF631}.Release|Any CPU.Build.0 = Release|Any CPU
		{3F216C16-4738-4E78-9126-E9A3F380330E}.Debug|Any CPU.ActiveCfg = Debug|Any CPU
		{3F216C16-4738-4E78-9126-E9A3F380330E}.Debug|Any CPU.Build.0 = Debug|Any CPU
		{3F216C16-4738-4E78-9126-E9A3F380330E}.Release|Any CPU.ActiveCfg = Release|Any CPU
		{3F216C16-4738-4E78-9126-E9A3F380330E}.Release|Any CPU.Build.0 = Release|Any CPU
		{A1069984-80F2-49F1-A507-07BD52BDA789}.Debug|Any CPU.ActiveCfg = Debug|Any CPU
		{A1069984-80F2-49F1-A507-07BD52BDA789}.Debug|Any CPU.Build.0 = Debug|Any CPU
		{A1069984-80F2-49F1-A507-07BD52BDA789}.Release|Any CPU.ActiveCfg = Release|Any CPU
		{A1069984-80F2-49F1-A507-07BD52BDA789}.Release|Any CPU.Build.0 = Release|Any CPU
		{5B2FE0BF-EF22-4F69-BDD7-528755556F55}.Debug|Any CPU.ActiveCfg = Debug|Any CPU
		{5B2FE0BF-EF22-4F69-BDD7-528755556F55}.Debug|Any CPU.Build.0 = Debug|Any CPU
		{5B2FE0BF-EF22-4F69-BDD7-528755556F55}.Release|Any CPU.ActiveCfg = Release|Any CPU
		{5B2FE0BF-EF22-4F69-BDD7-528755556F55}.Release|Any CPU.Build.0 = Release|Any CPU
		{0B330221-5A7A-451C-8502-21FC511361C6}.Debug|Any CPU.ActiveCfg = Debug|Any CPU
		{0B330221-5A7A-451C-8502-21FC511361C6}.Debug|Any CPU.Build.0 = Debug|Any CPU
		{0B330221-5A7A-451C-8502-21FC511361C6}.Release|Any CPU.ActiveCfg = Release|Any CPU
		{0B330221-5A7A-451C-8502-21FC511361C6}.Release|Any CPU.Build.0 = Release|Any CPU
		{1AE32A54-0F78-4323-A29A-D3526307A718}.Debug|Any CPU.ActiveCfg = Debug|Any CPU
		{1AE32A54-0F78-4323-A29A-D3526307A718}.Debug|Any CPU.Build.0 = Debug|Any CPU
		{1AE32A54-0F78-4323-A29A-D3526307A718}.Release|Any CPU.ActiveCfg = Release|Any CPU
		{1AE32A54-0F78-4323-A29A-D3526307A718}.Release|Any CPU.Build.0 = Release|Any CPU
		{1C28B30C-3452-41BF-8F0D-A0AAFB240067}.Debug|Any CPU.ActiveCfg = Debug|Any CPU
		{1C28B30C-3452-41BF-8F0D-A0AAFB240067}.Debug|Any CPU.Build.0 = Debug|Any CPU
		{1C28B30C-3452-41BF-8F0D-A0AAFB240067}.Release|Any CPU.ActiveCfg = Release|Any CPU
		{1C28B30C-3452-41BF-8F0D-A0AAFB240067}.Release|Any CPU.Build.0 = Release|Any CPU
		{56BA1343-CB3B-48E6-A0E6-5B86B2FBAEC9}.Debug|Any CPU.ActiveCfg = Debug|Any CPU
		{56BA1343-CB3B-48E6-A0E6-5B86B2FBAEC9}.Debug|Any CPU.Build.0 = Debug|Any CPU
		{56BA1343-CB3B-48E6-A0E6-5B86B2FBAEC9}.Release|Any CPU.ActiveCfg = Release|Any CPU
		{56BA1343-CB3B-48E6-A0E6-5B86B2FBAEC9}.Release|Any CPU.Build.0 = Release|Any CPU
		{826277D6-579F-4F2D-B9F0-414CBE7CB293}.Debug|Any CPU.ActiveCfg = Debug|Any CPU
		{826277D6-579F-4F2D-B9F0-414CBE7CB293}.Debug|Any CPU.Build.0 = Debug|Any CPU
		{826277D6-579F-4F2D-B9F0-414CBE7CB293}.Release|Any CPU.ActiveCfg = Release|Any CPU
		{826277D6-579F-4F2D-B9F0-414CBE7CB293}.Release|Any CPU.Build.0 = Release|Any CPU
		{D75D4D41-D383-4AB4-AAC6-062E95119E7D}.Debug|Any CPU.ActiveCfg = Debug|Any CPU
		{D75D4D41-D383-4AB4-AAC6-062E95119E7D}.Debug|Any CPU.Build.0 = Debug|Any CPU
		{D75D4D41-D383-4AB4-AAC6-062E95119E7D}.Release|Any CPU.ActiveCfg = Release|Any CPU
		{D75D4D41-D383-4AB4-AAC6-062E95119E7D}.Release|Any CPU.Build.0 = Release|Any CPU
		{DABA896A-2635-4B3C-9CF4-FA0850CA7D34}.Debug|Any CPU.ActiveCfg = Debug|Any CPU
		{DABA896A-2635-4B3C-9CF4-FA0850CA7D34}.Debug|Any CPU.Build.0 = Debug|Any CPU
		{DABA896A-2635-4B3C-9CF4-FA0850CA7D34}.Release|Any CPU.ActiveCfg = Release|Any CPU
		{DABA896A-2635-4B3C-9CF4-FA0850CA7D34}.Release|Any CPU.Build.0 = Release|Any CPU
	EndGlobalSection
	GlobalSection(SolutionProperties) = preSolution
		HideSolutionNode = FALSE
	EndGlobalSection
	GlobalSection(NestedProjects) = preSolution
		{E4AAF7E2-91D3-4844-B965-F096A82EA2A2} = {24A76630-389E-4CDE-A3BA-0AA8691EC9DC}
		{D6E70C84-82D1-4001-8681-192886AC0C09} = {24A76630-389E-4CDE-A3BA-0AA8691EC9DC}
		{14946044-64B7-46DC-A0DC-D1D713BEF631} = {24A76630-389E-4CDE-A3BA-0AA8691EC9DC}
		{3F216C16-4738-4E78-9126-E9A3F380330E} = {17A0C7CD-4353-4C18-8109-20A15C226B10}
		{A1069984-80F2-49F1-A507-07BD52BDA789} = {17A0C7CD-4353-4C18-8109-20A15C226B10}
		{5B2FE0BF-EF22-4F69-BDD7-528755556F55} = {6C487017-DA89-4672-A67F-69ABCAA605A7}
		{0B330221-5A7A-451C-8502-21FC511361C6} = {B9CB4D7C-B7F6-4908-B18E-0753E187F031}
		{1AE32A54-0F78-4323-A29A-D3526307A718} = {B9CB4D7C-B7F6-4908-B18E-0753E187F031}
		{1C28B30C-3452-41BF-8F0D-A0AAFB240067} = {B9CB4D7C-B7F6-4908-B18E-0753E187F031}
		{56BA1343-CB3B-48E6-A0E6-5B86B2FBAEC9} = {B9CB4D7C-B7F6-4908-B18E-0753E187F031}
		{826277D6-579F-4F2D-B9F0-414CBE7CB293} = {F8232116-1D2C-47DF-A703-2339E94CC995}
		{D75D4D41-D383-4AB4-AAC6-062E95119E7D} = {F8232116-1D2C-47DF-A703-2339E94CC995}
		{DABA896A-2635-4B3C-9CF4-FA0850CA7D34} = {F8232116-1D2C-47DF-A703-2339E94CC995}
	EndGlobalSection
	GlobalSection(ExtensibilityGlobals) = postSolution
		SolutionGuid = {65282E46-02BD-40F6-9EF5-38C37B37177E}
	EndGlobalSection
EndGlobal
